PODS:
  - ActionButton (0.1.4)
  - AEXML (4.0.1)
  - Alamofire (4.0.1)

DEPENDENCIES:
  - ActionButton (~> 0.1)
  - AEXML
  - Alamofire (~> 4.0)

SPEC CHECKSUMS:
  ActionButton: 1b94024013cf57e960d09aa56792f29e1bb545e0
  AEXML: 905e50474c0a261d335aa8be4ee32d22d69b6fd5
  Alamofire: 7682d43245de14874acd142ec137b144aa1dd335

PODFILE CHECKSUM: 72c4d6de86949c6ae323b9a9ea534904cc380512

COCOAPODS: 1.0.1
